
Microsoft Visual Studio Solution File, Format Version 12.00
# Visual Studio 15
VisualStudioVersion = 15.0.28307.779
MinimumVisualStudioVersion = 10.0.40219.1
Project("{FAE04EC0-301F-11D3-BF4B-00C04F79EFBC}") = "UsingStatic", "UsingStatic\UsingStatic.csproj", "{66FEB44F-EC49-4371-8CCA-483AD5273B33}"
EndProject
Global
	GlobalSection(SolutionConfigurationPlatforms) = preSolution
		Debug|Any CPU = Debug|Any CPU
		Release|Any CPU = Release|Any CPU
	EndGlobalSection
	GlobalSection(ProjectConfigurationPlatforms) = postSolution
		{66FEB44F-EC49-4371-8CCA-483AD5273B33}.Debug|Any CPU.ActiveCfg = Debug|Any CPU
		{66FEB44F-EC49-4371-8CCA-483AD5273B33}.Debug|Any CPU.Build.0 = Debug|Any CPU
		{66FEB44F-EC49-4371-8CCA-483AD5273B33}.Release|Any CPU.ActiveCfg = Release|Any CPU
		{66FEB44F-EC49-4371-8CCA-483AD5273B33}.Release|Any CPU.Build.0 = Release|Any CPU
	EndGlobalSection
	GlobalSection(SolutionProperties) = preSolution
		HideSolutionNode = FALSE
	EndGlobalSection
	GlobalSection(ExtensibilityGlobals) = postSolution
		SolutionGuid = {0795447D-D647-4093-A96D-245531745C8D}
	EndGlobalSection
EndGlobal
